
Microsoft Visual Studio Solution File, Format Version 12.00
# Visual Studio 15
VisualStudioVersion = 15.0.28307.489
MinimumVisualStudioVersion = 10.0.40219.1
Project("{FAE04EC0-301F-11D3-BF4B-00C04F79EFBC}") = "MSFakesStudy", "MSFakesStudy\MSFakesStudy.csproj", "{D907583B-EB94-4A96-B7F9-503363A2EACE}"
EndProject
Project("{FAE04EC0-301F-11D3-BF4B-00C04F79EFBC}") = "MSFakesStudy.Tests", "MSFakesStudy.Tests\MSFakesStudy.Tests.csproj", "{C8D2D298-1744-49DD-ADBF-A069161D8268}"
EndProject
Project("{FAE04EC0-301F-11D3-BF4B-00C04F79EFBC}") = "MSFalesStudy.DataAccess", "MSFalesStudy.DataAccess\MSFalesStudy.DataAccess.csproj", "{AEBCDC9F-7B61-46F0-94D8-5D75056CDF42}"
EndProject
Project("{FAE04EC0-301F-11D3-BF4B-00C04F79EFBC}") = "MSFakesStudy.Models", "MSFakesStudy.Models\MSFakesStudy.Models.csproj", "{1DB19F61-0FE2-4DA8-A197-66D9AF21A83A}"
EndProject
Project("{FAE04EC0-301F-11D3-BF4B-00C04F79EFBC}") = "MSFakesStudy.BusinessLogic", "MSFakesStudy.BusinessLogic\MSFakesStudy.BusinessLogic.csproj", "{B94D23FD-B13A-44EC-88A0-681F045D7DF5}"
EndProject
Global
	GlobalSection(SolutionConfigurationPlatforms) = preSolution
		Debug|Any CPU = Debug|Any CPU
		Release|Any CPU = Release|Any CPU
	EndGlobalSection
	GlobalSection(ProjectConfigurationPlatforms) = postSolution
		{D907583B-EB94-4A96-B7F9-503363A2EACE}.Debug|Any CPU.ActiveCfg = Debug|Any CPU
		{D907583B-EB94-4A96-B7F9-503363A2EACE}.Debug|Any CPU.Build.0 = Debug|Any CPU
		{D907583B-EB94-4A96-B7F9-503363A2EACE}.Release|Any CPU.ActiveCfg = Release|Any CPU
		{D907583B-EB94-4A96-B7F9-503363A2EACE}.Release|Any CPU.Build.0 = Release|Any CPU
		{C8D2D298-1744-49DD-ADBF-A069161D8268}.Debug|Any CPU.ActiveCfg = Debug|Any CPU
		{C8D2D298-1744-49DD-ADBF-A069161D8268}.Debug|Any CPU.Build.0 = Debug|Any CPU
		{C8D2D298-1744-49DD-ADBF-A069161D8268}.Release|Any CPU.ActiveCfg = Release|Any CPU
		{C8D2D298-1744-49DD-ADBF-A069161D8268}.Release|Any CPU.Build.0 = Release|Any CPU
		{AEBCDC9F-7B61-46F0-94D8-5D75056CDF42}.Debug|Any CPU.ActiveCfg = Debug|Any CPU
		{AEBCDC9F-7B61-46F0-94D8-5D75056CDF42}.Debug|Any CPU.Build.0 = Debug|Any CPU
		{AEBCDC9F-7B61-46F0-94D8-5D75056CDF42}.Release|Any CPU.ActiveCfg = Release|Any CPU
		{AEBCDC9F-7B61-46F0-94D8-5D75056CDF42}.Release|Any CPU.Build.0 = Release|Any CPU
		{1DB19F61-0FE2-4DA8-A197-66D9AF21A83A}.Debug|Any CPU.ActiveCfg = Debug|Any CPU
		{1DB19F61-0FE2-4DA8-A197-66D9AF21A83A}.Debug|Any CPU.Build.0 = Debug|Any CPU
		{1DB19F61-0FE2-4DA8-A197-66D9AF21A83A}.Release|Any CPU.ActiveCfg = Release|Any CPU
		{1DB19F61-0FE2-4DA8-A197-66D9AF21A83A}.Release|Any CPU.Build.0 = Release|Any CPU
		{B94D23FD-B13A-44EC-88A0-681F045D7DF5}.Debug|Any CPU.ActiveCfg = Debug|Any CPU
		{B94D23FD-B13A-44EC-88A0-681F045D7DF5}.Debug|Any CPU.Build.0 = Debug|Any CPU
		{B94D23FD-B13A-44EC-88A0-681F045D7DF5}.Release|Any CPU.ActiveCfg = Release|Any CPU
		{B94D23FD-B13A-44EC-88A0-681F045D7DF5}.Release|Any CPU.Build.0 = Release|Any CPU
	EndGlobalSection
	GlobalSection(SolutionProperties) = preSolution
		HideSolutionNode = FALSE
	EndGlobalSection
	GlobalSection(ExtensibilityGlobals) = postSolution
		SolutionGuid = {8ED3AE2E-8A4E-4A85-9D38-66D35889E44F}
	EndGlobalSection
EndGlobal
